
Microsoft Visual Studio Solution File, Format Version 12.00
# Visual Studio Version 16
VisualStudioVersion = 16.0.31025.194
MinimumVisualStudioVersion = 10.0.40219.1
Project("{9A19103F-16F7-4668-BE54-9A1E7A4F7556}") = "FexEcommerce.Dtos", "FexEcommerce.Dtos\FexEcommerce.Dtos.csproj", "{D6DFB745-6FAB-4D84-B404-A1593E1800C0}"
EndProject
Project("{9A19103F-16F7-4668-BE54-9A1E7A4F7556}") = "FexEcommerce.Models", "FexEcommerce.Models\FexEcommerce.Models.csproj", "{FE9F22CE-E0E3-4E0F-8FE3-93935A15B360}"
EndProject
Project("{9A19103F-16F7-4668-BE54-9A1E7A4F7556}") = "FexEcommerce.Data", "FexEcommerce.Data\FexEcommerce.Data.csproj", "{4842C64F-C60F-4B61-9360-FF7AD88585F0}"
EndProject
Project("{9A19103F-16F7-4668-BE54-9A1E7A4F7556}") = "FexEcommerce.WebApi", "FexEcommerce.WebApi\FexEcommerce.WebApi.csproj", "{BCDCC6B2-906A-4214-9A53-F44C29185B9F}"
EndProject
Global
	GlobalSection(SolutionConfigurationPlatforms) = preSolution
		Debug|Any CPU = Debug|Any CPU
		Release|Any CPU = Release|Any CPU
	EndGlobalSection
	GlobalSection(ProjectConfigurationPlatforms) = postSolution
		{D6DFB745-6FAB-4D84-B404-A1593E1800C0}.Debug|Any CPU.ActiveCfg = Debug|Any CPU
		{D6DFB745-6FAB-4D84-B404-A1593E1800C0}.Debug|Any CPU.Build.0 = Debug|Any CPU
		{D6DFB745-6FAB-4D84-B404-A1593E1800C0}.Release|Any CPU.ActiveCfg = Release|Any CPU
		{D6DFB745-6FAB-4D84-B404-A1593E1800C0}.Release|Any CPU.Build.0 = Release|Any CPU
		{FE9F22CE-E0E3-4E0F-8FE3-93935A15B360}.Debug|Any CPU.ActiveCfg = Debug|Any CPU
		{FE9F22CE-E0E3-4E0F-8FE3-93935A15B360}.Debug|Any CPU.Build.0 = Debug|Any CPU
		{FE9F22CE-E0E3-4E0F-8FE3-93935A15B360}.Release|Any CPU.ActiveCfg = Release|Any CPU
		{FE9F22CE-E0E3-4E0F-8FE3-93935A15B360}.Release|Any CPU.Build.0 = Release|Any CPU
		{4842C64F-C60F-4B61-9360-FF7AD88585F0}.Debug|Any CPU.ActiveCfg = Debug|Any CPU
		{4842C64F-C60F-4B61-9360-FF7AD88585F0}.Debug|Any CPU.Build.0 = Debug|Any CPU
		{4842C64F-C60F-4B61-9360-FF7AD88585F0}.Release|Any CPU.ActiveCfg = Release|Any CPU
		{4842C64F-C60F-4B61-9360-FF7AD88585F0}.Release|Any CPU.Build.0 = Release|Any CPU
		{BCDCC6B2-906A-4214-9A53-F44C29185B9F}.Debug|Any CPU.ActiveCfg = Debug|Any CPU
		{BCDCC6B2-906A-4214-9A53-F44C29185B9F}.Debug|Any CPU.Build.0 = Debug|Any CPU
		{BCDCC6B2-906A-4214-9A53-F44C29185B9F}.Release|Any CPU.ActiveCfg = Release|Any CPU
		{BCDCC6B2-906A-4214-9A53-F44C29185B9F}.Release|Any CPU.Build.0 = Release|Any CPU
	EndGlobalSection
	GlobalSection(SolutionProperties) = preSolution
		HideSolutionNode = FALSE
	EndGlobalSection
	GlobalSection(ExtensibilityGlobals) = postSolution
		SolutionGuid = {AD319503-DBAD-45F5-9BB6-8AE7ED49DBC5}
	EndGlobalSection
EndGlobal
